{
  "name": "ezcli",
  "version": "1.5.0",
  "lockfileVersion": 1,
  "requires": true,
  "dependencies": {
    "get-function-params": {
      "version": "2.0.7",
      "resolved": "https://registry.npmjs.org/get-function-params/-/get-function-params-2.0.7.tgz",
      "integrity": "sha512-fxmaws3IONmtzz6grq3XHywp0jkJs4hDc6+9Gk0P4ehN/2c9drIdo5sEoYZ+YnbH9YidwWa7OO6rtV32VdOC/Q=="
    }
  }
}
